
Microsoft Visual Studio Solution File, Format Version 12.00
Project("{2150E333-8FDC-42A3-9474-1A3956D46DE8}") = "src", "src", "{198C9244-A0B5-4E35-89A6-C34A79B18F86}"
EndProject
Project("{2150E333-8FDC-42A3-9474-1A3956D46DE8}") = "Api", "Api", "{B00FFF23-DB97-41DE-A3EB-E6D0269FA107}"
EndProject
Project("{2150E333-8FDC-42A3-9474-1A3956D46DE8}") = "Common", "Common", "{B0E12094-EB0B-49E3-BE87-4F5F3B3C6E4A}"
EndProject
Project("{2150E333-8FDC-42A3-9474-1A3956D46DE8}") = "Modules", "Modules", "{6761B499-EBA0-4890-818A-D356FAC87CC8}"
EndProject
Project("{FAE04EC0-301F-11D3-BF4B-00C04F79EFBC}") = "Lanka.Common.Domain", "src\Common\Lanka.Common.Domain\Lanka.Common.Domain.csproj", "{4F18C413-8A9A-41F1-9E4E-C6308A8D00F7}"
EndProject
Project("{2150E333-8FDC-42A3-9474-1A3956D46DE8}") = "SolutionItems", "SolutionItems", "{8496F423-47BC-474B-B084-657F3F1E25CE}"
	ProjectSection(SolutionItems) = preProject
		.editorconfig = .editorconfig
		Directory.Build.props = Directory.Build.props
		Lanka.sln.DotSettings = Lanka.sln.DotSettings
	EndProjectSection
EndProject
Project("{FAE04EC0-301F-11D3-BF4B-00C04F79EFBC}") = "Lanka.Api", "src\Api\Lanka.Api\Lanka.Api.csproj", "{ED19CC12-E951-4243-8A54-48C67C1CE9E5}"
EndProject
Project("{FAE04EC0-301F-11D3-BF4B-00C04F79EFBC}") = "Lanka.Common.Application", "src\Common\Lanka.Common.Application\Lanka.Common.Application.csproj", "{EF471A13-4DE9-4E4C-849A-FF5195A65BD5}"
EndProject
Project("{FAE04EC0-301F-11D3-BF4B-00C04F79EFBC}") = "docker-compose", "docker-compose.dcproj", "{C319E3E2-1F35-4E8B-83FB-348091CBBAC0}"
EndProject
Project("{FAE04EC0-301F-11D3-BF4B-00C04F79EFBC}") = "Lanka.Common.Infrastructure", "src\Common\Lanka.Common.Infrastructure\Lanka.Common.Infrastructure.csproj", "{02758FA8-4C80-46E5-88F5-EA05822E18D3}"
EndProject
Project("{2150E333-8FDC-42A3-9474-1A3956D46DE8}") = "Users", "Users", "{DB4F9CE4-25EA-4B00-892E-834756CC1A96}"
EndProject
Project("{FAE04EC0-301F-11D3-BF4B-00C04F79EFBC}") = "Lanka.Modules.Users.Domain", "src\Modules\Users\Lanka.Modules.Users.Domain\Lanka.Modules.Users.Domain.csproj", "{9826322C-EB79-4ED4-81C3-440E3137394A}"
EndProject
Project("{FAE04EC0-301F-11D3-BF4B-00C04F79EFBC}") = "Lanka.Modules.Users.Infrastructure", "src\Modules\Users\Lanka.Modules.Users.Infrastructure\Lanka.Modules.Users.Infrastructure.csproj", "{0487F507-8618-4455-8C79-F7C13FB191EA}"
EndProject
Project("{FAE04EC0-301F-11D3-BF4B-00C04F79EFBC}") = "Lanka.Modules.Users.Application", "src\Modules\Users\Lanka.Modules.Users.Application\Lanka.Modules.Users.Application.csproj", "{A27D7A0F-9171-4E3C-86B9-3536BF782764}"
EndProject
Project("{FAE04EC0-301F-11D3-BF4B-00C04F79EFBC}") = "Lanka.Common.Presentation", "src\Common\Lanka.Common.Presentation\Lanka.Common.Presentation.csproj", "{4034CF0E-4331-4031-8A80-B276BB5787A0}"
EndProject
Project("{FAE04EC0-301F-11D3-BF4B-00C04F79EFBC}") = "Lanka.Modules.Users.Presentation", "src\Modules\Users\Lanka.Modules.Users.Presentation\Lanka.Modules.Users.Presentation.csproj", "{43AAF757-9CE8-4D63-84AB-3514EBE5CC23}"
EndProject
Project("{FAE04EC0-301F-11D3-BF4B-00C04F79EFBC}") = "Lanka.Modules.Users.IntegrationEvents", "src\Modules\Users\Lanka.Modules.Users.IntegrationEvents\Lanka.Modules.Users.IntegrationEvents.csproj", "{7577CA73-6D69-4F14-A8CF-911688B8C245}"
EndProject
Project("{2150E333-8FDC-42A3-9474-1A3956D46DE8}") = "Campaigns", "Campaigns", "{50DA8BE3-3B11-4FE6-962B-40CB5D18BF21}"
EndProject
Project("{FAE04EC0-301F-11D3-BF4B-00C04F79EFBC}") = "Lanka.Modules.Campaigns.Domain", "src\Modules\Campaigns\Lanka.Modules.Campaigns.Domain\Lanka.Modules.Campaigns.Domain.csproj", "{F24EF901-DC7E-4B32-BC89-716B7171429A}"
EndProject
Project("{FAE04EC0-301F-11D3-BF4B-00C04F79EFBC}") = "Lanka.Modules.Campaigns.Presentation", "src\Modules\Campaigns\Lanka.Modules.Campaigns.Presentation\Lanka.Modules.Campaigns.Presentation.csproj", "{9858BC18-C9DE-490E-960A-97CE89E5B387}"
EndProject
Project("{FAE04EC0-301F-11D3-BF4B-00C04F79EFBC}") = "Lanka.Modules.Campaigns.Application", "src\Modules\Campaigns\Lanka.Modules.Campaigns.Application\Lanka.Modules.Campaigns.Application.csproj", "{F7A9E97A-D014-447A-A277-79D1F966CF9E}"
EndProject
Project("{FAE04EC0-301F-11D3-BF4B-00C04F79EFBC}") = "Lanka.Modules.Campaigns.Infrastructure", "src\Modules\Campaigns\Lanka.Modules.Campaigns.Infrastructure\Lanka.Modules.Campaigns.Infrastructure.csproj", "{1058601E-83F8-4669-83EA-6942C49091D8}"
EndProject
Project("{FAE04EC0-301F-11D3-BF4B-00C04F79EFBC}") = "Lanka.Common.Contracts", "src\Common\Lanka.Common.Contracts\Lanka.Common.Contracts.csproj", "{FBB52B79-6ACD-48A1-BC48-7A6083FEAA72}"
EndProject
Project("{FAE04EC0-301F-11D3-BF4B-00C04F79EFBC}") = "Lanka.Modules.Campaigns.IntegrationEvents", "src\Modules\Campaigns\Lanka.Modules.Campaigns.IntegrationEvents\Lanka.Modules.Campaigns.IntegrationEvents.csproj", "{4FD2EFC6-A7C8-4304-9DEC-41AA7BEE5902}"
EndProject
Project("{2150E333-8FDC-42A3-9474-1A3956D46DE8}") = "test", "test", "{3F82F348-6FA6-42A1-BD42-D27A8FFD96DF}"
EndProject
Project("{FAE04EC0-301F-11D3-BF4B-00C04F79EFBC}") = "Lanka.ArchitectureTests", "test\Lanka.ArchitectureTests\Lanka.ArchitectureTests.csproj", "{6BAC9994-0F40-4306-9C00-B8FD697323DF}"
EndProject
Project("{2150E333-8FDC-42A3-9474-1A3956D46DE8}") = "test", "test", "{5199D819-1A66-493A-9872-33BB96EB86A2}"
EndProject
Project("{FAE04EC0-301F-11D3-BF4B-00C04F79EFBC}") = "Lanka.Modules.Users.ArchitectureTests", "src\Modules\Users\test\Lanka.Modules.Users.ArchitectureTests\Lanka.Modules.Users.ArchitectureTests.csproj", "{67AB54CD-C1A4-4BA7-92BD-272204EEA588}"
EndProject
Project("{2150E333-8FDC-42A3-9474-1A3956D46DE8}") = "test", "test", "{D9154D3F-4B7C-46B7-9A39-555F9E7EA2A2}"
EndProject
Project("{FAE04EC0-301F-11D3-BF4B-00C04F79EFBC}") = "Lanka.Modules.Campaigns.ArchitectureTests", "src\Modules\Campaigns\test\Lanka.Modules.Campaigns.ArchitectureTests\Lanka.Modules.Campaigns.ArchitectureTests.csproj", "{0323934D-2212-4755-8453-733C6ECBC29B}"
EndProject
Project("{FAE04EC0-301F-11D3-BF4B-00C04F79EFBC}") = "Lanka.Modules.Users.UnitTests", "src\Modules\Users\test\Lanka.Modules.Users.UnitTests\Lanka.Modules.Users.UnitTests.csproj", "{D1C45125-54B7-4172-87AD-E0A3EEF1669D}"
EndProject
Project("{FAE04EC0-301F-11D3-BF4B-00C04F79EFBC}") = "Lanka.Modules.Campaigns.UnitTests", "src\Modules\Campaigns\test\Lanka.Modules.Campaigns.UnitTests\Lanka.Modules.Campaigns.UnitTests.csproj", "{EF7472CC-29BE-4888-8E9A-3258EA088FA9}"
EndProject
Project("{FAE04EC0-301F-11D3-BF4B-00C04F79EFBC}") = "Lanka.Modules.Users.Application.UnitTests", "src\Modules\Users\test\Lanka.Modules.Users.Application.UnitTests\Lanka.Modules.Users.Application.UnitTests.csproj", "{B25C4645-B5EA-4271-807D-F1C299101674}"
EndProject
Project("{FAE04EC0-301F-11D3-BF4B-00C04F79EFBC}") = "Lanka.Modules.Campaigns.Application.UnitTests", "src\Modules\Campaigns\test\Lanka.Modules.Campaigns.Application.UnitTests\Lanka.Modules.Campaigns.Application.UnitTests.csproj", "{FC2DE968-9900-4476-BBEA-C7FAB807B902}"
EndProject
Global
	GlobalSection(SolutionConfigurationPlatforms) = preSolution
		Debug|Any CPU = Debug|Any CPU
		Release|Any CPU = Release|Any CPU
	EndGlobalSection
	GlobalSection(NestedProjects) = preSolution
		{B00FFF23-DB97-41DE-A3EB-E6D0269FA107} = {198C9244-A0B5-4E35-89A6-C34A79B18F86}
		{B0E12094-EB0B-49E3-BE87-4F5F3B3C6E4A} = {198C9244-A0B5-4E35-89A6-C34A79B18F86}
		{6761B499-EBA0-4890-818A-D356FAC87CC8} = {198C9244-A0B5-4E35-89A6-C34A79B18F86}
		{4F18C413-8A9A-41F1-9E4E-C6308A8D00F7} = {B0E12094-EB0B-49E3-BE87-4F5F3B3C6E4A}
		{ED19CC12-E951-4243-8A54-48C67C1CE9E5} = {B00FFF23-DB97-41DE-A3EB-E6D0269FA107}
		{EF471A13-4DE9-4E4C-849A-FF5195A65BD5} = {B0E12094-EB0B-49E3-BE87-4F5F3B3C6E4A}
		{02758FA8-4C80-46E5-88F5-EA05822E18D3} = {B0E12094-EB0B-49E3-BE87-4F5F3B3C6E4A}
		{DB4F9CE4-25EA-4B00-892E-834756CC1A96} = {6761B499-EBA0-4890-818A-D356FAC87CC8}
		{9826322C-EB79-4ED4-81C3-440E3137394A} = {DB4F9CE4-25EA-4B00-892E-834756CC1A96}
		{0487F507-8618-4455-8C79-F7C13FB191EA} = {DB4F9CE4-25EA-4B00-892E-834756CC1A96}
		{A27D7A0F-9171-4E3C-86B9-3536BF782764} = {DB4F9CE4-25EA-4B00-892E-834756CC1A96}
		{4034CF0E-4331-4031-8A80-B276BB5787A0} = {B0E12094-EB0B-49E3-BE87-4F5F3B3C6E4A}
		{43AAF757-9CE8-4D63-84AB-3514EBE5CC23} = {DB4F9CE4-25EA-4B00-892E-834756CC1A96}
		{7577CA73-6D69-4F14-A8CF-911688B8C245} = {DB4F9CE4-25EA-4B00-892E-834756CC1A96}
		{50DA8BE3-3B11-4FE6-962B-40CB5D18BF21} = {6761B499-EBA0-4890-818A-D356FAC87CC8}
		{F24EF901-DC7E-4B32-BC89-716B7171429A} = {50DA8BE3-3B11-4FE6-962B-40CB5D18BF21}
		{9858BC18-C9DE-490E-960A-97CE89E5B387} = {50DA8BE3-3B11-4FE6-962B-40CB5D18BF21}
		{F7A9E97A-D014-447A-A277-79D1F966CF9E} = {50DA8BE3-3B11-4FE6-962B-40CB5D18BF21}
		{1058601E-83F8-4669-83EA-6942C49091D8} = {50DA8BE3-3B11-4FE6-962B-40CB5D18BF21}
		{FBB52B79-6ACD-48A1-BC48-7A6083FEAA72} = {B0E12094-EB0B-49E3-BE87-4F5F3B3C6E4A}
		{4FD2EFC6-A7C8-4304-9DEC-41AA7BEE5902} = {50DA8BE3-3B11-4FE6-962B-40CB5D18BF21}
		{6BAC9994-0F40-4306-9C00-B8FD697323DF} = {3F82F348-6FA6-42A1-BD42-D27A8FFD96DF}
		{5199D819-1A66-493A-9872-33BB96EB86A2} = {DB4F9CE4-25EA-4B00-892E-834756CC1A96}
		{67AB54CD-C1A4-4BA7-92BD-272204EEA588} = {5199D819-1A66-493A-9872-33BB96EB86A2}
		{D9154D3F-4B7C-46B7-9A39-555F9E7EA2A2} = {50DA8BE3-3B11-4FE6-962B-40CB5D18BF21}
		{0323934D-2212-4755-8453-733C6ECBC29B} = {D9154D3F-4B7C-46B7-9A39-555F9E7EA2A2}
		{D1C45125-54B7-4172-87AD-E0A3EEF1669D} = {5199D819-1A66-493A-9872-33BB96EB86A2}
		{EF7472CC-29BE-4888-8E9A-3258EA088FA9} = {D9154D3F-4B7C-46B7-9A39-555F9E7EA2A2}
		{B25C4645-B5EA-4271-807D-F1C299101674} = {5199D819-1A66-493A-9872-33BB96EB86A2}
		{FC2DE968-9900-4476-BBEA-C7FAB807B902} = {D9154D3F-4B7C-46B7-9A39-555F9E7EA2A2}
	EndGlobalSection
	GlobalSection(ProjectConfigurationPlatforms) = postSolution
		{4F18C413-8A9A-41F1-9E4E-C6308A8D00F7}.Debug|Any CPU.ActiveCfg = Debug|Any CPU
		{4F18C413-8A9A-41F1-9E4E-C6308A8D00F7}.Debug|Any CPU.Build.0 = Debug|Any CPU
		{4F18C413-8A9A-41F1-9E4E-C6308A8D00F7}.Release|Any CPU.ActiveCfg = Release|Any CPU
		{4F18C413-8A9A-41F1-9E4E-C6308A8D00F7}.Release|Any CPU.Build.0 = Release|Any CPU
		{ED19CC12-E951-4243-8A54-48C67C1CE9E5}.Debug|Any CPU.ActiveCfg = Debug|Any CPU
		{ED19CC12-E951-4243-8A54-48C67C1CE9E5}.Debug|Any CPU.Build.0 = Debug|Any CPU
		{ED19CC12-E951-4243-8A54-48C67C1CE9E5}.Release|Any CPU.ActiveCfg = Release|Any CPU
		{ED19CC12-E951-4243-8A54-48C67C1CE9E5}.Release|Any CPU.Build.0 = Release|Any CPU
		{EF471A13-4DE9-4E4C-849A-FF5195A65BD5}.Debug|Any CPU.ActiveCfg = Debug|Any CPU
		{EF471A13-4DE9-4E4C-849A-FF5195A65BD5}.Debug|Any CPU.Build.0 = Debug|Any CPU
		{EF471A13-4DE9-4E4C-849A-FF5195A65BD5}.Release|Any CPU.ActiveCfg = Release|Any CPU
		{EF471A13-4DE9-4E4C-849A-FF5195A65BD5}.Release|Any CPU.Build.0 = Release|Any CPU
		{C319E3E2-1F35-4E8B-83FB-348091CBBAC0}.Debug|Any CPU.ActiveCfg = Debug|Any CPU
		{C319E3E2-1F35-4E8B-83FB-348091CBBAC0}.Debug|Any CPU.Build.0 = Debug|Any CPU
		{C319E3E2-1F35-4E8B-83FB-348091CBBAC0}.Release|Any CPU.ActiveCfg = Debug|Any CPU
		{C319E3E2-1F35-4E8B-83FB-348091CBBAC0}.Release|Any CPU.Build.0 = Debug|Any CPU
		{02758FA8-4C80-46E5-88F5-EA05822E18D3}.Debug|Any CPU.ActiveCfg = Debug|Any CPU
		{02758FA8-4C80-46E5-88F5-EA05822E18D3}.Debug|Any CPU.Build.0 = Debug|Any CPU
		{02758FA8-4C80-46E5-88F5-EA05822E18D3}.Release|Any CPU.ActiveCfg = Release|Any CPU
		{02758FA8-4C80-46E5-88F5-EA05822E18D3}.Release|Any CPU.Build.0 = Release|Any CPU
		{9826322C-EB79-4ED4-81C3-440E3137394A}.Debug|Any CPU.ActiveCfg = Debug|Any CPU
		{9826322C-EB79-4ED4-81C3-440E3137394A}.Debug|Any CPU.Build.0 = Debug|Any CPU
		{9826322C-EB79-4ED4-81C3-440E3137394A}.Release|Any CPU.ActiveCfg = Release|Any CPU
		{9826322C-EB79-4ED4-81C3-440E3137394A}.Release|Any CPU.Build.0 = Release|Any CPU
		{0487F507-8618-4455-8C79-F7C13FB191EA}.Debug|Any CPU.ActiveCfg = Debug|Any CPU
		{0487F507-8618-4455-8C79-F7C13FB191EA}.Debug|Any CPU.Build.0 = Debug|Any CPU
		{0487F507-8618-4455-8C79-F7C13FB191EA}.Release|Any CPU.ActiveCfg = Release|Any CPU
		{0487F507-8618-4455-8C79-F7C13FB191EA}.Release|Any CPU.Build.0 = Release|Any CPU
		{A27D7A0F-9171-4E3C-86B9-3536BF782764}.Debug|Any CPU.ActiveCfg = Debug|Any CPU
		{A27D7A0F-9171-4E3C-86B9-3536BF782764}.Debug|Any CPU.Build.0 = Debug|Any CPU
		{A27D7A0F-9171-4E3C-86B9-3536BF782764}.Release|Any CPU.ActiveCfg = Release|Any CPU
		{A27D7A0F-9171-4E3C-86B9-3536BF782764}.Release|Any CPU.Build.0 = Release|Any CPU
		{4034CF0E-4331-4031-8A80-B276BB5787A0}.Debug|Any CPU.ActiveCfg = Debug|Any CPU
		{4034CF0E-4331-4031-8A80-B276BB5787A0}.Debug|Any CPU.Build.0 = Debug|Any CPU
		{4034CF0E-4331-4031-8A80-B276BB5787A0}.Release|Any CPU.ActiveCfg = Release|Any CPU
		{4034CF0E-4331-4031-8A80-B276BB5787A0}.Release|Any CPU.Build.0 = Release|Any CPU
		{43AAF757-9CE8-4D63-84AB-3514EBE5CC23}.Debug|Any CPU.ActiveCfg = Debug|Any CPU
		{43AAF757-9CE8-4D63-84AB-3514EBE5CC23}.Debug|Any CPU.Build.0 = Debug|Any CPU
		{43AAF757-9CE8-4D63-84AB-3514EBE5CC23}.Release|Any CPU.ActiveCfg = Release|Any CPU
		{43AAF757-9CE8-4D63-84AB-3514EBE5CC23}.Release|Any CPU.Build.0 = Release|Any CPU
		{7577CA73-6D69-4F14-A8CF-911688B8C245}.Debug|Any CPU.ActiveCfg = Debug|Any CPU
		{7577CA73-6D69-4F14-A8CF-911688B8C245}.Debug|Any CPU.Build.0 = Debug|Any CPU
		{7577CA73-6D69-4F14-A8CF-911688B8C245}.Release|Any CPU.ActiveCfg = Release|Any CPU
		{7577CA73-6D69-4F14-A8CF-911688B8C245}.Release|Any CPU.Build.0 = Release|Any CPU
		{F24EF901-DC7E-4B32-BC89-716B7171429A}.Debug|Any CPU.ActiveCfg = Debug|Any CPU
		{F24EF901-DC7E-4B32-BC89-716B7171429A}.Debug|Any CPU.Build.0 = Debug|Any CPU
		{F24EF901-DC7E-4B32-BC89-716B7171429A}.Release|Any CPU.ActiveCfg = Release|Any CPU
		{F24EF901-DC7E-4B32-BC89-716B7171429A}.Release|Any CPU.Build.0 = Release|Any CPU
		{9858BC18-C9DE-490E-960A-97CE89E5B387}.Debug|Any CPU.ActiveCfg = Debug|Any CPU
		{9858BC18-C9DE-490E-960A-97CE89E5B387}.Debug|Any CPU.Build.0 = Debug|Any CPU
		{9858BC18-C9DE-490E-960A-97CE89E5B387}.Release|Any CPU.ActiveCfg = Release|Any CPU
		{9858BC18-C9DE-490E-960A-97CE89E5B387}.Release|Any CPU.Build.0 = Release|Any CPU
		{F7A9E97A-D014-447A-A277-79D1F966CF9E}.Debug|Any CPU.ActiveCfg = Debug|Any CPU
		{F7A9E97A-D014-447A-A277-79D1F966CF9E}.Debug|Any CPU.Build.0 = Debug|Any CPU
		{F7A9E97A-D014-447A-A277-79D1F966CF9E}.Release|Any CPU.ActiveCfg = Release|Any CPU
		{F7A9E97A-D014-447A-A277-79D1F966CF9E}.Release|Any CPU.Build.0 = Release|Any CPU
		{1058601E-83F8-4669-83EA-6942C49091D8}.Debug|Any CPU.ActiveCfg = Debug|Any CPU
		{1058601E-83F8-4669-83EA-6942C49091D8}.Debug|Any CPU.Build.0 = Debug|Any CPU
		{1058601E-83F8-4669-83EA-6942C49091D8}.Release|Any CPU.ActiveCfg = Release|Any CPU
		{1058601E-83F8-4669-83EA-6942C49091D8}.Release|Any CPU.Build.0 = Release|Any CPU
		{FBB52B79-6ACD-48A1-BC48-7A6083FEAA72}.Debug|Any CPU.ActiveCfg = Debug|Any CPU
		{FBB52B79-6ACD-48A1-BC48-7A6083FEAA72}.Debug|Any CPU.Build.0 = Debug|Any CPU
		{FBB52B79-6ACD-48A1-BC48-7A6083FEAA72}.Release|Any CPU.ActiveCfg = Release|Any CPU
		{FBB52B79-6ACD-48A1-BC48-7A6083FEAA72}.Release|Any CPU.Build.0 = Release|Any CPU
		{4FD2EFC6-A7C8-4304-9DEC-41AA7BEE5902}.Debug|Any CPU.ActiveCfg = Debug|Any CPU
		{4FD2EFC6-A7C8-4304-9DEC-41AA7BEE5902}.Debug|Any CPU.Build.0 = Debug|Any CPU
		{4FD2EFC6-A7C8-4304-9DEC-41AA7BEE5902}.Release|Any CPU.ActiveCfg = Release|Any CPU
		{4FD2EFC6-A7C8-4304-9DEC-41AA7BEE5902}.Release|Any CPU.Build.0 = Release|Any CPU
		{6BAC9994-0F40-4306-9C00-B8FD697323DF}.Debug|Any CPU.ActiveCfg = Debug|Any CPU
		{6BAC9994-0F40-4306-9C00-B8FD697323DF}.Debug|Any CPU.Build.0 = Debug|Any CPU
		{6BAC9994-0F40-4306-9C00-B8FD697323DF}.Release|Any CPU.ActiveCfg = Release|Any CPU
		{6BAC9994-0F40-4306-9C00-B8FD697323DF}.Release|Any CPU.Build.0 = Release|Any CPU
		{67AB54CD-C1A4-4BA7-92BD-272204EEA588}.Debug|Any CPU.ActiveCfg = Debug|Any CPU
		{67AB54CD-C1A4-4BA7-92BD-272204EEA588}.Debug|Any CPU.Build.0 = Debug|Any CPU
		{67AB54CD-C1A4-4BA7-92BD-272204EEA588}.Release|Any CPU.ActiveCfg = Release|Any CPU
		{67AB54CD-C1A4-4BA7-92BD-272204EEA588}.Release|Any CPU.Build.0 = Release|Any CPU
		{0323934D-2212-4755-8453-733C6ECBC29B}.Debug|Any CPU.ActiveCfg = Debug|Any CPU
		{0323934D-2212-4755-8453-733C6ECBC29B}.Debug|Any CPU.Build.0 = Debug|Any CPU
		{0323934D-2212-4755-8453-733C6ECBC29B}.Release|Any CPU.ActiveCfg = Release|Any CPU
		{0323934D-2212-4755-8453-733C6ECBC29B}.Release|Any CPU.Build.0 = Release|Any CPU
		{D1C45125-54B7-4172-87AD-E0A3EEF1669D}.Debug|Any CPU.ActiveCfg = Debug|Any CPU
		{D1C45125-54B7-4172-87AD-E0A3EEF1669D}.Debug|Any CPU.Build.0 = Debug|Any CPU
		{D1C45125-54B7-4172-87AD-E0A3EEF1669D}.Release|Any CPU.ActiveCfg = Release|Any CPU
		{D1C45125-54B7-4172-87AD-E0A3EEF1669D}.Release|Any CPU.Build.0 = Release|Any CPU
		{EF7472CC-29BE-4888-8E9A-3258EA088FA9}.Debug|Any CPU.ActiveCfg = Debug|Any CPU
		{EF7472CC-29BE-4888-8E9A-3258EA088FA9}.Debug|Any CPU.Build.0 = Debug|Any CPU
		{EF7472CC-29BE-4888-8E9A-3258EA088FA9}.Release|Any CPU.ActiveCfg = Release|Any CPU
		{EF7472CC-29BE-4888-8E9A-3258EA088FA9}.Release|Any CPU.Build.0 = Release|Any CPU
		{B25C4645-B5EA-4271-807D-F1C299101674}.Debug|Any CPU.ActiveCfg = Debug|Any CPU
		{B25C4645-B5EA-4271-807D-F1C299101674}.Debug|Any CPU.Build.0 = Debug|Any CPU
		{B25C4645-B5EA-4271-807D-F1C299101674}.Release|Any CPU.ActiveCfg = Release|Any CPU
		{B25C4645-B5EA-4271-807D-F1C299101674}.Release|Any CPU.Build.0 = Release|Any CPU
		{FC2DE968-9900-4476-BBEA-C7FAB807B902}.Debug|Any CPU.ActiveCfg = Debug|Any CPU
		{FC2DE968-9900-4476-BBEA-C7FAB807B902}.Debug|Any CPU.Build.0 = Debug|Any CPU
		{FC2DE968-9900-4476-BBEA-C7FAB807B902}.Release|Any CPU.ActiveCfg = Release|Any CPU
		{FC2DE968-9900-4476-BBEA-C7FAB807B902}.Release|Any CPU.Build.0 = Release|Any CPU
	EndGlobalSection
EndGlobal
